
Microsoft Visual Studio Solution File, Format Version 12.00
# Visual Studio Version 16
VisualStudioVersion = 16.0.31321.278
MinimumVisualStudioVersion = 10.0.40219.1
Project("{FAE04EC0-301F-11D3-BF4B-00C04F79EFBC}") = "AtlasSystem", "AtlasSystem\AtlasSystem.csproj", "{A3D8E0B5-BB2B-4E2F-9F78-A11EC2179671}"
EndProject
Global
	GlobalSection(SolutionConfigurationPlatforms) = preSolution
		Debug|Any CPU = Debug|Any CPU
		Release|Any CPU = Release|Any CPU
	EndGlobalSection
	GlobalSection(ProjectConfigurationPlatforms) = postSolution
		{A3D8E0B5-BB2B-4E2F-9F78-A11EC2179671}.Debug|Any CPU.ActiveCfg = Debug|Any CPU
		{A3D8E0B5-BB2B-4E2F-9F78-A11EC2179671}.Debug|Any CPU.Build.0 = Debug|Any CPU
		{A3D8E0B5-BB2B-4E2F-9F78-A11EC2179671}.Release|Any CPU.ActiveCfg = Release|Any CPU
		{A3D8E0B5-BB2B-4E2F-9F78-A11EC2179671}.Release|Any CPU.Build.0 = Release|Any CPU
	EndGlobalSection
	GlobalSection(SolutionProperties) = preSolution
		HideSolutionNode = FALSE
	EndGlobalSection
	GlobalSection(ExtensibilityGlobals) = postSolution
		SolutionGuid = {604E9B1B-8816-4C74-A563-1C247EC6C1B2}
	EndGlobalSection
EndGlobal
